// !$*UTF8*$!
{
	archiveVersion = 1;
	classes = {
	};
	objectVersion = 46;
	objects = {

/* Begin PBXBuildFile section */
		0C4B2B331F0F30E6002ED94F /* AppDelegate.swift in Sources */ = {isa = PBXBuildFile; fileRef = 0C4B2B321F0F30E6002ED94F /* AppDelegate.swift */; };
		0C4B2B351F0F30E6002ED94F /* ViewController.swift in Sources */ = {isa = PBXBuildFile; fileRef = 0C4B2B341F0F30E6002ED94F /* ViewController.swift */; };
		0C4B2B381F0F30E6002ED94F /* Main.storyboard in Resources */ = {isa = PBXBuildFile; fileRef = 0C4B2B361F0F30E6002ED94F /* Main.storyboard */; };
		0C4B2B3A1F0F30E6002ED94F /* Assets.xcassets in Resources */ = {isa = PBXBuildFile; fileRef = 0C4B2B391F0F30E6002ED94F /* Assets.xcassets */; };
		0C4B2B3D1F0F30E6002ED94F /* LaunchScreen.storyboard in Resources */ = {isa = PBXBuildFile; fileRef = 0C4B2B3B1F0F30E6002ED94F /* LaunchScreen.storyboard */; };
		0C4B2B481F0F30E6002ED94F /* rainbowroadTests.swift in Sources */ = {isa = PBXBuildFile; fileRef = 0C4B2B471F0F30E6002ED94F /* rainbowroadTests.swift */; };
		0C4B2B531F0F30E6002ED94F /* rainbowroadUITests.swift in Sources */ = {isa = PBXBuildFile; fileRef = 0C4B2B521F0F30E6002ED94F /* rainbowroadUITests.swift */; };
/* End PBXBuildFile section */

/* Begin PBXContainerItemProxy section */
		0C4B2B441F0F30E6002ED94F /* PBXContainerItemProxy */ = {
			isa = PBXContainerItemProxy;
			containerPortal = 0C4B2B271F0F30E6002ED94F /* Project object */;
			proxyType = 1;
			remoteGlobalIDString = 0C4B2B2E1F0F30E6002ED94F;
			remoteInfo = rainbowroad;
		};
		0C4B2B4F1F0F30E6002ED94F /* PBXContainerItemProxy */ = {
			isa = PBXContainerItemProxy;
			containerPortal = 0C4B2B271F0F30E6002ED94F /* Project object */;
			proxyType = 1;
			remoteGlobalIDString = 0C4B2B2E1F0F30E6002ED94F;
			remoteInfo = rainbowroad;
		};
/* End PBXContainerItemProxy section */

/* Begin PBXFileReference section */
		0C4B2B2F1F0F30E6002ED94F /* rainbowroad.app */ = {isa = PBXFileReference; explicitFileType = wrapper.application; includeInIndex = 0; path = rainbowroad.app; sourceTree = BUILT_PRODUCTS_DIR; };
		0C4B2B321F0F30E6002ED94F /* AppDelegate.swift */ = {isa = PBXFileReference; lastKnownFileType = sourcecode.swift; path = AppDelegate.swift; sourceTree = "<group>"; };
		0C4B2B341F0F30E6002ED94F /* ViewController.swift */ = {isa = PBXFileReference; lastKnownFileType = sourcecode.swift; path = ViewController.swift; sourceTree = "<group>"; };
		0C4B2B371F0F30E6002ED94F /* Base */ = {isa = PBXFileReference; lastKnownFileType = file.storyboard; name = Base; path = Base.lproj/Main.storyboard; sourceTree = "<group>"; };
		0C4B2B391F0F30E6002ED94F /* Assets.xcassets */ = {isa = PBXFileReference; lastKnownFileType = folder.assetcatalog; path = Assets.xcassets; sourceTree = "<group>"; };
		0C4B2B3C1F0F30E6002ED94F /* Base */ = {isa = PBXFileReference; lastKnownFileType = file.storyboard; name = Base; path = Base.lproj/LaunchScreen.storyboard; sourceTree = "<group>"; };
		0C4B2B3E1F0F30E6002ED94F /* Info.plist */ = {isa = PBXFileReference; lastKnownFileType = text.plist.xml; path = Info.plist; sourceTree = "<group>"; };
		0C4B2B431F0F30E6002ED94F /* rainbowroadTests.xctest */ = {isa = PBXFileReference; explicitFileType = wrapper.cfbundle; includeInIndex = 0; path = rainbowroadTests.xctest; sourceTree = BUILT_PRODUCTS_DIR; };
		0C4B2B471F0F30E6002ED94F /* rainbowroadTests.swift */ = {isa = PBXFileReference; lastKnownFileType = sourcecode.swift; path = rainbowroadTests.swift; sourceTree = "<group>"; };
		0C4B2B491F0F30E6002ED94F /* Info.plist */ = {isa = PBXFileReference; lastKnownFileType = text.plist.xml; path = Info.plist; sourceTree = "<group>"; };
		0C4B2B4E1F0F30E6002ED94F /* rainbowroadUITests.xctest */ = {isa = PBXFileReference; explicitFileType = wrapper.cfbundle; includeInIndex = 0; path = rainbowroadUITests.xctest; sourceTree = BUILT_PRODUCTS_DIR; };
		0C4B2B521F0F30E6002ED94F /* rainbowroadUITests.swift */ = {isa = PBXFileReference; lastKnownFileType = sourcecode.swift; path = rainbowroadUITests.swift; sourceTree = "<group>"; };
		0C4B2B541F0F30E6002ED94F /* Info.plist */ = {isa = PBXFileReference; lastKnownFileType = text.plist.xml; path = Info.plist; sourceTree = "<group>"; };
/* End PBXFileReference section */

/* Begin PBXFrameworksBuildPhase section */
		0C4B2B2C1F0F30E6002ED94F /* Frameworks */ = {
			isa = PBXFrameworksBuildPhase;
			buildActionMask = 2147483647;
			files = (
			);
			runOnlyForDeploymentPostprocessing = 0;
		};
		0C4B2B401F0F30E6002ED94F /* Frameworks */ = {
			isa = PBXFrameworksBuildPhase;
			buildActionMask = 2147483647;
			files = (
			);
			runOnlyForDeploymentPostprocessing = 0;
		};
		0C4B2B4B1F0F30E6002ED94F /* Frameworks */ = {
			isa = PBXFrameworksBuildPhase;
			buildActionMask = 2147483647;
			files = (
			);
			runOnlyForDeploymentPostprocessing = 0;
		};
/* End PBXFrameworksBuildPhase section */

/* Begin PBXGroup section */
		0C4B2B261F0F30E6002ED94F = {
			isa = PBXGroup;
			children = (
				0C4B2B311F0F30E6002ED94F /* rainbowroad */,
				0C4B2B461F0F30E6002ED94F /* rainbowroadTests */,
				0C4B2B511F0F30E6002ED94F /* rainbowroadUITests */,
				0C4B2B301F0F30E6002ED94F /* Products */,
			);
			sourceTree = "<group>";
		};
		0C4B2B301F0F30E6002ED94F /* Products */ = {
			isa = PBXGroup;
			children = (
				0C4B2B2F1F0F30E6002ED94F /* rainbowroad.app */,
				0C4B2B431F0F30E6002ED94F /* rainbowroadTests.xctest */,
				0C4B2B4E1F0F30E6002ED94F /* rainbowroadUITests.xctest */,
			);
			name = Products;
			sourceTree = "<group>";
		};
		0C4B2B311F0F30E6002ED94F /* rainbowroad */ = {
			isa = PBXGroup;
			children = (
				0C4B2B321F0F30E6002ED94F /* AppDelegate.swift */,
				0C4B2B341F0F30E6002ED94F /* ViewController.swift */,
				0C4B2B361F0F30E6002ED94F /* Main.storyboard */,
				0C4B2B391F0F30E6002ED94F /* Assets.xcassets */,
				0C4B2B3B1F0F30E6002ED94F /* LaunchScreen.storyboard */,
				0C4B2B3E1F0F30E6002ED94F /* Info.plist */,
			);
			path = rainbowroad;
			sourceTree = "<group>";
		};
		0C4B2B461F0F30E6002ED94F /* rainbowroadTests */ = {
			isa = PBXGroup;
			children = (
				0C4B2B471F0F30E6002ED94F /* rainbowroadTests.swift */,
				0C4B2B491F0F30E6002ED94F /* Info.plist */,
			);
			path = rainbowroadTests;
			sourceTree = "<group>";
		};
		0C4B2B511F0F30E6002ED94F /* rainbowroadUITests */ = {
			isa = PBXGroup;
			children = (
				0C4B2B521F0F30E6002ED94F /* rainbowroadUITests.swift */,
				0C4B2B541F0F30E6002ED94F /* Info.plist */,
			);
			path = rainbowroadUITests;
			sourceTree = "<group>";
		};
/* End PBXGroup section */

/* Begin PBXNativeTarget section */
		0C4B2B2E1F0F30E6002ED94F /* rainbowroad */ = {
			isa = PBXNativeTarget;
			buildConfigurationList = 0C4B2B571F0F30E6002ED94F /* Build configuration list for PBXNativeTarget "rainbowroad" */;
			buildPhases = (
				0C4B2B2B1F0F30E6002ED94F /* Sources */,
				0C4B2B2C1F0F30E6002ED94F /* Frameworks */,
				0C4B2B2D1F0F30E6002ED94F /* Resources */,
			);
			buildRules = (
			);
			dependencies = (
			);
			name = rainbowroad;
			productName = rainbowroad;
			productReference = 0C4B2B2F1F0F30E6002ED94F /* rainbowroad.app */;
			productType = "com.apple.product-type.application";
		};
		0C4B2B421F0F30E6002ED94F /* rainbowroadTests */ = {
			isa = PBXNativeTarget;
			buildConfigurationList = 0C4B2B5A1F0F30E6002ED94F /* Build configuration list for PBXNativeTarget "rainbowroadTests" */;
			buildPhases = (
				0C4B2B3F1F0F30E6002ED94F /* Sources */,
				0C4B2B401F0F30E6002ED94F /* Frameworks */,
				0C4B2B411F0F30E6002ED94F /* Resources */,
			);
			buildRules = (
			);
			dependencies = (
				0C4B2B451F0F30E6002ED94F /* PBXTargetDependency */,
			);
			name = rainbowroadTests;
			productName = rainbowroadTests;
			productReference = 0C4B2B431F0F30E6002ED94F /* rainbowroadTests.xctest */;
			productType = "com.apple.product-type.bundle.unit-test";
		};
		0C4B2B4D1F0F30E6002ED94F /* rainbowroadUITests */ = {
			isa = PBXNativeTarget;
			buildConfigurationList = 0C4B2B5D1F0F30E6002ED94F /* Build configuration list for PBXNativeTarget "rainbowroadUITests" */;
			buildPhases = (
				0C4B2B4A1F0F30E6002ED94F /* Sources */,
				0C4B2B4B1F0F30E6002ED94F /* Frameworks */,
				0C4B2B4C1F0F30E6002ED94F /* Resources */,
			);
			buildRules = (
			);
			dependencies = (
				0C4B2B501F0F30E6002ED94F /* PBXTargetDependency */,
			);
			name = rainbowroadUITests;
			productName = rainbowroadUITests;
			productReference = 0C4B2B4E1F0F30E6002ED94F /* rainbowroadUITests.xctest */;
			productType = "com.apple.product-type.bundle.ui-testing";
		};
/* End PBXNativeTarget section */

/* Begin PBXProject section */
		0C4B2B271F0F30E6002ED94F /* Project object */ = {
			isa = PBXProject;
			attributes = {
				LastSwiftUpdateCheck = 0830;
				LastUpgradeCheck = 0830;
				ORGANIZATIONNAME = Placoderm;
				TargetAttributes = {
					0C4B2B2E1F0F30E6002ED94F = {
						CreatedOnToolsVersion = 8.3.3;
						ProvisioningStyle = Automatic;
					};
					0C4B2B421F0F30E6002ED94F = {
						CreatedOnToolsVersion = 8.3.3;
						ProvisioningStyle = Automatic;
						TestTargetID = 0C4B2B2E1F0F30E6002ED94F;
					};
					0C4B2B4D1F0F30E6002ED94F = {
						CreatedOnToolsVersion = 8.3.3;
						ProvisioningStyle = Automatic;
						TestTargetID = 0C4B2B2E1F0F30E6002ED94F;
					};
				};
			};
			buildConfigurationList = 0C4B2B2A1F0F30E6002ED94F /* Build configuration list for PBXProject "rainbowroad" */;
			compatibilityVersion = "Xcode 3.2";
			developmentRegion = English;
			hasScannedForEncodings = 0;
			knownRegions = (
				en,
				Base,
			);
			mainGroup = 0C4B2B261F0F30E6002ED94F;
			productRefGroup = 0C4B2B301F0F30E6002ED94F /* Products */;
			projectDirPath = "";
			projectRoot = "";
			targets = (
				0C4B2B2E1F0F30E6002ED94F /* rainbowroad */,
				0C4B2B421F0F30E6002ED94F /* rainbowroadTests */,
				0C4B2B4D1F0F30E6002ED94F /* rainbowroadUITests */,
			);
		};
/* End PBXProject section */

/* Begin PBXResourcesBuildPhase section */
		0C4B2B2D1F0F30E6002ED94F /* Resources */ = {
			isa = PBXResourcesBuildPhase;
			buildActionMask = 2147483647;
			files = (
				0C4B2B3D1F0F30E6002ED94F /* LaunchScreen.storyboard in Resources */,
				0C4B2B3A1F0F30E6002ED94F /* Assets.xcassets in Resources */,
				0C4B2B381F0F30E6002ED94F /* Main.storyboard in Resources */,
			);
			runOnlyForDeploymentPostprocessing = 0;
		};
		0C4B2B411F0F30E6002ED94F /* Resources */ = {
			isa = PBXResourcesBuildPhase;
			buildActionMask = 2147483647;
			files = (
			);
			runOnlyForDeploymentPostprocessing = 0;
		};
		0C4B2B4C1F0F30E6002ED94F /* Resources */ = {
			isa = PBXResourcesBuildPhase;
			buildActionMask = 2147483647;
			files = (
			);
			runOnlyForDeploymentPostprocessing = 0;
		};
/* End PBXResourcesBuildPhase section */

/* Begin PBXSourcesBuildPhase section */
		0C4B2B2B1F0F30E6002ED94F /* Sources */ = {
			isa = PBXSourcesBuildPhase;
			buildActionMask = 2147483647;
			files = (
				0C4B2B351F0F30E6002ED94F /* ViewController.swift in Sources */,
				0C4B2B331F0F30E6002ED94F /* AppDelegate.swift in Sources */,
			);
			runOnlyForDeploymentPostprocessing = 0;
		};
		0C4B2B3F1F0F30E6002ED94F /* Sources */ = {
			isa = PBXSourcesBuildPhase;
			buildActionMask = 2147483647;
			files = (
				0C4B2B481F0F30E6002ED94F /* rainbowroadTests.swift in Sources */,
			);
			runOnlyForDeploymentPostprocessing = 0;
		};
		0C4B2B4A1F0F30E6002ED94F /* Sources */ = {
			isa = PBXSourcesBuildPhase;
			buildActionMask = 2147483647;
			files = (
				0C4B2B531F0F30E6002ED94F /* rainbowroadUITests.swift in Sources */,
			);
			runOnlyForDeploymentPostprocessing = 0;
		};
/* End PBXSourcesBuildPhase section */

/* Begin PBXTargetDependency section */
		0C4B2B451F0F30E6002ED94F /* PBXTargetDependency */ = {
			isa = PBXTargetDependency;
			target = 0C4B2B2E1F0F30E6002ED94F /* rainbowroad */;
			targetProxy = 0C4B2B441F0F30E6002ED94F /* PBXContainerItemProxy */;
		};
		0C4B2B501F0F30E6002ED94F /* PBXTargetDependency */ = {
			isa = PBXTargetDependency;
			target = 0C4B2B2E1F0F30E6002ED94F /* rainbowroad */;
			targetProxy = 0C4B2B4F1F0F30E6002ED94F /* PBXContainerItemProxy */;
		};
/* End PBXTargetDependency section */

/* Begin PBXVariantGroup section */
		0C4B2B361F0F30E6002ED94F /* Main.storyboard */ = {
			isa = PBXVariantGroup;
			children = (
				0C4B2B371F0F30E6002ED94F /* Base */,
			);
			name = Main.storyboard;
			sourceTree = "<group>";
		};
		0C4B2B3B1F0F30E6002ED94F /* LaunchScreen.storyboard */ = {
			isa = PBXVariantGroup;
			children = (
				0C4B2B3C1F0F30E6002ED94F /* Base */,
			);
			name = LaunchScreen.storyboard;
			sourceTree = "<group>";
		};
/* End PBXVariantGroup section */

/* Begin XCBuildConfiguration section */
		0C4B2B551F0F30E6002ED94F /* Debug */ = {
			isa = XCBuildConfiguration;
			buildSettings = {
				ALWAYS_SEARCH_USER_PATHS = NO;
				CLANG_ANALYZER_NONNULL = YES;
				CLANG_ANALYZER_NUMBER_OBJECT_CONVERSION = YES_AGGRESSIVE;
				CLANG_CXX_LANGUAGE_STANDARD = "gnu++0x";
				CLANG_CXX_LIBRARY = "libc++";
				CLANG_ENABLE_MODULES = YES;
				CLANG_ENABLE_OBJC_ARC = YES;
				CLANG_WARN_BOOL_CONVERSION = YES;
				CLANG_WARN_CONSTANT_CONVERSION = YES;
				CLANG_WARN_DIRECT_OBJC_ISA_USAGE = YES_ERROR;
				CLANG_WARN_DOCUMENTATION_COMMENTS = YES;
				CLANG_WARN_EMPTY_BODY = YES;
				CLANG_WARN_ENUM_CONVERSION = YES;
				CLANG_WARN_INFINITE_RECURSION = YES;
				CLANG_WARN_INT_CONVERSION = YES;
				CLANG_WARN_OBJC_ROOT_CLASS = YES_ERROR;
				CLANG_WARN_SUSPICIOUS_MOVE = YES;
				CLANG_WARN_UNREACHABLE_CODE = YES;
				CLANG_WARN__DUPLICATE_METHOD_MATCH = YES;
				"CODE_SIGN_IDENTITY[sdk=iphoneos*]" = "iPhone Developer";
				COPY_PHASE_STRIP = NO;
				DEBUG_INFORMATION_FORMAT = dwarf;
				ENABLE_STRICT_OBJC_MSGSEND = YES;
				ENABLE_TESTABILITY = YES;
				GCC_C_LANGUAGE_STANDARD = gnu99;
				GCC_DYNAMIC_NO_PIC = NO;
				GCC_NO_COMMON_BLOCKS = YES;
				GCC_OPTIMIZATION_LEVEL = 0;
				GCC_PREPROCESSOR_DEFINITIONS = (
					"DEBUG=1",
					"$(inherited)",
				);
				GCC_WARN_64_TO_32_BIT_CONVERSION = YES;
				GCC_WARN_ABOUT_RETURN_TYPE = YES_ERROR;
				GCC_WARN_UNDECLARED_SELECTOR = YES;
				GCC_WARN_UNINITIALIZED_AUTOS = YES_AGGRESSIVE;
				GCC_WARN_UNUSED_FUNCTION = YES;
				GCC_WARN_UNUSED_VARIABLE = YES;
				IPHONEOS_DEPLOYMENT_TARGET = 10.3;
				MTL_ENABLE_DEBUG_INFO = YES;
				ONLY_ACTIVE_ARCH = YES;
				SDKROOT = iphoneos;
				SWIFT_ACTIVE_COMPILATION_CONDITIONS = DEBUG;
				SWIFT_OPTIMIZATION_LEVEL = "-Onone";
				TARGETED_DEVICE_FAMILY = "1,2";
			};
			name = Debug;
		};
		0C4B2B561F0F30E6002ED94F /* Release */ = {
			isa = XCBuildConfiguration;
			buildSettings = {
				ALWAYS_SEARCH_USER_PATHS = NO;
				CLANG_ANALYZER_NONNULL = YES;
				CLANG_ANALYZER_NUMBER_OBJECT_CONVERSION = YES_AGGRESSIVE;
				CLANG_CXX_LANGUAGE_STANDARD = "gnu++0x";
				CLANG_CXX_LIBRARY = "libc++";
				CLANG_ENABLE_MODULES = YES;
				CLANG_ENABLE_OBJC_ARC = YES;
				CLANG_WARN_BOOL_CONVERSION = YES;
				CLANG_WARN_CONSTANT_CONVERSION = YES;
				CLANG_WARN_DIRECT_OBJC_ISA_USAGE = YES_ERROR;
				CLANG_WARN_DOCUMENTATION_COMMENTS = YES;
				CLANG_WARN_EMPTY_BODY = YES;
				CLANG_WARN_ENUM_CONVERSION = YES;
				CLANG_WARN_INFINITE_RECURSION = YES;
				CLANG_WARN_INT_CONVERSION = YES;
				CLANG_WARN_OBJC_ROOT_CLASS = YES_ERROR;
				CLANG_WARN_SUSPICIOUS_MOVE = YES;
				CLANG_WARN_UNREACHABLE_CODE = YES;
				CLANG_WARN__DUPLICATE_METHOD_MATCH = YES;
				"CODE_SIGN_IDENTITY[sdk=iphoneos*]" = "iPhone Developer";
				COPY_PHASE_STRIP = NO;
				DEBUG_INFORMATION_FORMAT = "dwarf-with-dsym";
				ENABLE_NS_ASSERTIONS = NO;
				ENABLE_STRICT_OBJC_MSGSEND = YES;
				GCC_C_LANGUAGE_STANDARD = gnu99;
				GCC_NO_COMMON_BLOCKS = YES;
				GCC_WARN_64_TO_32_BIT_CONVERSION = YES;
				GCC_WARN_ABOUT_RETURN_TYPE = YES_ERROR;
				GCC_WARN_UNDECLARED_SELECTOR = YES;
				GCC_WARN_UNINITIALIZED_AUTOS = YES_AGGRESSIVE;
				GCC_WARN_UNUSED_FUNCTION = YES;
				GCC_WARN_UNUSED_VARIABLE = YES;
				IPHONEOS_DEPLOYMENT_TARGET = 10.3;
				MTL_ENABLE_DEBUG_INFO = NO;
				SDKROOT = iphoneos;
				SWIFT_OPTIMIZATION_LEVEL = "-Owholemodule";
				TARGETED_DEVICE_FAMILY = "1,2";
				VALIDATE_PRODUCT = YES;
			};
			name = Release;
		};
		0C4B2B581F0F30E6002ED94F /* Debug */ = {
			isa = XCBuildConfiguration;
			buildSettings = {
				ASSETCATALOG_COMPILER_APPICON_NAME = AppIcon;
				INFOPLIST_FILE = rainbowroad/Info.plist;
				LD_RUNPATH_SEARCH_PATHS = "$(inherited) @executable_path/Frameworks";
				PRODUCT_BUNDLE_IDENTIFIER = "-.rainbowroad";
				PRODUCT_NAME = "$(TARGET_NAME)";
				SWIFT_VERSION = 3.0;
			};
			name = Debug;
		};
		0C4B2B591F0F30E6002ED94F /* Release */ = {
			isa = XCBuildConfiguration;
			buildSettings = {
				ASSETCATALOG_COMPILER_APPICON_NAME = AppIcon;
				INFOPLIST_FILE = rainbowroad/Info.plist;
				LD_RUNPATH_SEARCH_PATHS = "$(inherited) @executable_path/Frameworks";
				PRODUCT_BUNDLE_IDENTIFIER = "-.rainbowroad";
				PRODUCT_NAME = "$(TARGET_NAME)";
				SWIFT_VERSION = 3.0;
			};
			name = Release;
		};
		0C4B2B5B1F0F30E6002ED94F /* Debug */ = {
			isa = XCBuildConfiguration;
			buildSettings = {
				ALWAYS_EMBED_SWIFT_STANDARD_LIBRARIES = YES;
				BUNDLE_LOADER = "$(TEST_HOST)";
				INFOPLIST_FILE = rainbowroadTests/Info.plist;
				LD_RUNPATH_SEARCH_PATHS = "$(inherited) @executable_path/Frameworks @loader_path/Frameworks";
				PRODUCT_BUNDLE_IDENTIFIER = "-.rainbowroadTests";
				PRODUCT_NAME = "$(TARGET_NAME)";
				SWIFT_VERSION = 3.0;
				TEST_HOST = "$(BUILT_PRODUCTS_DIR)/rainbowroad.app/rainbowroad";
			};
			name = Debug;
		};
		0C4B2B5C1F0F30E6002ED94F /* Release */ = {
			isa = XCBuildConfiguration;
			buildSettings = {
				ALWAYS_EMBED_SWIFT_STANDARD_LIBRARIES = YES;
				BUNDLE_LOADER = "$(TEST_HOST)";
				INFOPLIST_FILE = rainbowroadTests/Info.plist;
				LD_RUNPATH_SEARCH_PATHS = "$(inherited) @executable_path/Frameworks @loader_path/Frameworks";
				PRODUCT_BUNDLE_IDENTIFIER = "-.rainbowroadTests";
				PRODUCT_NAME = "$(TARGET_NAME)";
				SWIFT_VERSION = 3.0;
				TEST_HOST = "$(BUILT_PRODUCTS_DIR)/rainbowroad.app/rainbowroad";
			};
			name = Release;
		};
		0C4B2B5E1F0F30E6002ED94F /* Debug */ = {
			isa = XCBuildConfiguration;
			buildSettings = {
				ALWAYS_EMBED_SWIFT_STANDARD_LIBRARIES = YES;
				INFOPLIST_FILE = rainbowroadUITests/Info.plist;
				LD_RUNPATH_SEARCH_PATHS = "$(inherited) @executable_path/Frameworks @loader_path/Frameworks";
				PRODUCT_BUNDLE_IDENTIFIER = "-.rainbowroadUITests";
				PRODUCT_NAME = "$(TARGET_NAME)";
				SWIFT_VERSION = 3.0;
				TEST_TARGET_NAME = rainbowroad;
			};
			name = Debug;
		};
		0C4B2B5F1F0F30E6002ED94F /* Release */ = {
			isa = XCBuildConfiguration;
			buildSettings = {
				ALWAYS_EMBED_SWIFT_STANDARD_LIBRARIES = YES;
				INFOPLIST_FILE = rainbowroadUITests/Info.plist;
				LD_RUNPATH_SEARCH_PATHS = "$(inherited) @executable_path/Frameworks @loader_path/Frameworks";
				PRODUCT_BUNDLE_IDENTIFIER = "-.rainbowroadUITests";
				PRODUCT_NAME = "$(TARGET_NAME)";
				SWIFT_VERSION = 3.0;
				TEST_TARGET_NAME = rainbowroad;
			};
			name = Release;
		};
/* End XCBuildConfiguration section */

/* Begin XCConfigurationList section */
		0C4B2B2A1F0F30E6002ED94F /* Build configuration list for PBXProject "rainbowroad" */ = {
			isa = XCConfigurationList;
			buildConfigurations = (
				0C4B2B551F0F30E6002ED94F /* Debug */,
				0C4B2B561F0F30E6002ED94F /* Release */,
			);
			defaultConfigurationIsVisible = 0;
			defaultConfigurationName = Release;
		};
		0C4B2B571F0F30E6002ED94F /* Build configuration list for PBXNativeTarget "rainbowroad" */ = {
			isa = XCConfigurationList;
			buildConfigurations = (
				0C4B2B581F0F30E6002ED94F /* Debug */,
				0C4B2B591F0F30E6002ED94F /* Release */,
			);
			defaultConfigurationIsVisible = 0;
		};
		0C4B2B5A1F0F30E6002ED94F /* Build configuration list for PBXNativeTarget "rainbowroadTests" */ = {
			isa = XCConfigurationList;
			buildConfigurations = (
				0C4B2B5B1F0F30E6002ED94F /* Debug */,
				0C4B2B5C1F0F30E6002ED94F /* Release */,
			);
			defaultConfigurationIsVisible = 0;
		};
		0C4B2B5D1F0F30E6002ED94F /* Build configuration list for PBXNativeTarget "rainbowroadUITests" */ = {
			isa = XCConfigurationList;
			buildConfigurations = (
				0C4B2B5E1F0F30E6002ED94F /* Debug */,
				0C4B2B5F1F0F30E6002ED94F /* Release */,
			);
			defaultConfigurationIsVisible = 0;
		};
/* End XCConfigurationList section */
	};
	rootObject = 0C4B2B271F0F30E6002ED94F /* Project object */;
}
